# This file is automatically @generated by Cargo.
# It is not intended for manual editing.
version = 3

[[package]]
name = "flate3"
version = "1.0.4"
source = "registry+https://github.com/rust-lang/crates.io-index"
checksum = "1ea7b7426255734a66a0efa4abdbf5f64b720fb80152ab235e3174346508e412"

[[package]]
name = "squeeze"
version = "0.1.0"
dependencies = [
 "flate3",
]
